
Microsoft Visual Studio Solution File, Format Version 11.00
# Visual Studio 2010
Project("{FAE04EC0-301F-11D3-BF4B-00C04F79EFBC}") = "Assembly-CSharp", "Assembly-CSharp.csproj", "{40958834-C72B-B5F6-40D4-2F39B168E9F5}"
EndProject
Project("{FAE04EC0-301F-11D3-BF4B-00C04F79EFBC}") = "Assembly-CSharp-Editor", "Assembly-CSharp-Editor.csproj", "{B720CE76-9BD0-94CC-7D29-776FE100B961}"
EndProject
Global
	GlobalSection(SolutionConfigurationPlatforms) = preSolution
		Debug|Any CPU = Debug|Any CPU
		Release|Any CPU = Release|Any CPU
	EndGlobalSection
	GlobalSection(ProjectConfigurationPlatforms) = postSolution
		{40958834-C72B-B5F6-40D4-2F39B168E9F5}.Debug|Any CPU.ActiveCfg = Debug|Any CPU
		{40958834-C72B-B5F6-40D4-2F39B168E9F5}.Debug|Any CPU.Build.0 = Debug|Any CPU
		{40958834-C72B-B5F6-40D4-2F39B168E9F5}.Release|Any CPU.ActiveCfg = Release|Any CPU
		{40958834-C72B-B5F6-40D4-2F39B168E9F5}.Release|Any CPU.Build.0 = Release|Any CPU
		{B720CE76-9BD0-94CC-7D29-776FE100B961}.Debug|Any CPU.ActiveCfg = Debug|Any CPU
		{B720CE76-9BD0-94CC-7D29-776FE100B961}.Debug|Any CPU.Build.0 = Debug|Any CPU
		{B720CE76-9BD0-94CC-7D29-776FE100B961}.Release|Any CPU.ActiveCfg = Release|Any CPU
		{B720CE76-9BD0-94CC-7D29-776FE100B961}.Release|Any CPU.Build.0 = Release|Any CPU
	EndGlobalSection
	GlobalSection(SolutionProperties) = preSolution
		HideSolutionNode = FALSE
	EndGlobalSection
EndGlobal
